
Microsoft Visual Studio Solution File, Format Version 12.00
# Visual Studio Version 16
VisualStudioVersion = 16.0.29418.71
MinimumVisualStudioVersion = 10.0.40219.1
Project("{FAE04EC0-301F-11D3-BF4B-00C04F79EFBC}") = "xadrez-console", "xadrez-console\xadrez-console.csproj", "{2E994334-ECDC-471A-A8A8-2389113D3D22}"
EndProject
Global
	GlobalSection(SolutionConfigurationPlatforms) = preSolution
		Debug|Any CPU = Debug|Any CPU
		Release|Any CPU = Release|Any CPU
	EndGlobalSection
	GlobalSection(ProjectConfigurationPlatforms) = postSolution
		{2E994334-ECDC-471A-A8A8-2389113D3D22}.Debug|Any CPU.ActiveCfg = Debug|Any CPU
		{2E994334-ECDC-471A-A8A8-2389113D3D22}.Debug|Any CPU.Build.0 = Debug|Any CPU
		{2E994334-ECDC-471A-A8A8-2389113D3D22}.Release|Any CPU.ActiveCfg = Release|Any CPU
		{2E994334-ECDC-471A-A8A8-2389113D3D22}.Release|Any CPU.Build.0 = Release|Any CPU
	EndGlobalSection
	GlobalSection(SolutionProperties) = preSolution
		HideSolutionNode = FALSE
	EndGlobalSection
	GlobalSection(ExtensibilityGlobals) = postSolution
		SolutionGuid = {36A12389-F015-4941-A18B-A0FC7EB34233}
	EndGlobalSection
EndGlobal
